
Microsoft Visual Studio Solution File, Format Version 12.00
# Visual Studio 15
VisualStudioVersion = 15.0.28307.271
MinimumVisualStudioVersion = 10.0.40219.1
Project("{8BC9CEB8-8B4A-11D0-8D11-00A0C91BC942}") = "CameraTest1", "CameraTest1\CameraTest1.vcxproj", "{678BF119-514A-4B2B-A8F1-C7EDC18F4C4F}"
EndProject
Global
	GlobalSection(SolutionConfigurationPlatforms) = preSolution
		Debug|x64 = Debug|x64
		Debug|x86 = Debug|x86
		Release|x64 = Release|x64
		Release|x86 = Release|x86
	EndGlobalSection
	GlobalSection(ProjectConfigurationPlatforms) = postSolution
		{678BF119-514A-4B2B-A8F1-C7EDC18F4C4F}.Debug|x64.ActiveCfg = Debug|x64
		{678BF119-514A-4B2B-A8F1-C7EDC18F4C4F}.Debug|x64.Build.0 = Debug|x64
		{678BF119-514A-4B2B-A8F1-C7EDC18F4C4F}.Debug|x86.ActiveCfg = Debug|Win32
		{678BF119-514A-4B2B-A8F1-C7EDC18F4C4F}.Debug|x86.Build.0 = Debug|Win32
		{678BF119-514A-4B2B-A8F1-C7EDC18F4C4F}.Release|x64.ActiveCfg = Release|x64
		{678BF119-514A-4B2B-A8F1-C7EDC18F4C4F}.Release|x64.Build.0 = Release|x64
		{678BF119-514A-4B2B-A8F1-C7EDC18F4C4F}.Release|x86.ActiveCfg = Release|Win32
		{678BF119-514A-4B2B-A8F1-C7EDC18F4C4F}.Release|x86.Build.0 = Release|Win32
	EndGlobalSection
	GlobalSection(SolutionProperties) = preSolution
		HideSolutionNode = FALSE
	EndGlobalSection
	GlobalSection(ExtensibilityGlobals) = postSolution
		SolutionGuid = {BBEA0FB2-E6BE-4434-A344-C7E9A9748CC0}
	EndGlobalSection
EndGlobal
